// !$*UTF8*$!
{
	archiveVersion = 1;
	classes = {
	};
	objectVersion = 50;
	objects = {

/* Begin PBXBuildFile section */
		90734E5826FFB72900B34B77 /* AppDelegate.swift in Sources */ = {isa = PBXBuildFile; fileRef = 90734E5726FFB72900B34B77 /* AppDelegate.swift */; };
		90734E6226FFB72900B34B77 /* Nerdflix.xcdatamodeld in Sources */ = {isa = PBXBuildFile; fileRef = 90734E6026FFB72900B34B77 /* Nerdflix.xcdatamodeld */; };
		90734E6426FFB73000B34B77 /* Assets.xcassets in Resources */ = {isa = PBXBuildFile; fileRef = 90734E6326FFB73000B34B77 /* Assets.xcassets */; };
		90734E6726FFB73000B34B77 /* LaunchScreen.storyboard in Resources */ = {isa = PBXBuildFile; fileRef = 90734E6526FFB73000B34B77 /* LaunchScreen.storyboard */; };
		90734E7526FFB86200B34B77 /* HomeViewController.swift in Sources */ = {isa = PBXBuildFile; fileRef = 90734E7326FFB86200B34B77 /* HomeViewController.swift */; };
		90734E7626FFB86200B34B77 /* HomeViewController.xib in Resources */ = {isa = PBXBuildFile; fileRef = 90734E7426FFB86200B34B77 /* HomeViewController.xib */; };
		90734E8626FFC29700B34B77 /* CategoryTableViewCell.swift in Sources */ = {isa = PBXBuildFile; fileRef = 90734E8426FFC29700B34B77 /* CategoryTableViewCell.swift */; };
		90734E8726FFC29700B34B77 /* CategoryTableViewCell.xib in Resources */ = {isa = PBXBuildFile; fileRef = 90734E8526FFC29700B34B77 /* CategoryTableViewCell.xib */; };
		90734E8A26FFC2C300B34B77 /* MoviesCollectionViewCell.swift in Sources */ = {isa = PBXBuildFile; fileRef = 90734E8826FFC2C300B34B77 /* MoviesCollectionViewCell.swift */; };
		90734E8B26FFC2C300B34B77 /* MoviesCollectionViewCell.xib in Resources */ = {isa = PBXBuildFile; fileRef = 90734E8926FFC2C300B34B77 /* MoviesCollectionViewCell.xib */; };
/* End PBXBuildFile section */

/* Begin PBXFileReference section */
		90734E5426FFB72900B34B77 /* Nerdflix.app */ = {isa = PBXFileReference; explicitFileType = wrapper.application; includeInIndex = 0; path = Nerdflix.app; sourceTree = BUILT_PRODUCTS_DIR; };
		90734E5726FFB72900B34B77 /* AppDelegate.swift */ = {isa = PBXFileReference; lastKnownFileType = sourcecode.swift; path = AppDelegate.swift; sourceTree = "<group>"; };
		90734E6126FFB72900B34B77 /* Nerdflix.xcdatamodel */ = {isa = PBXFileReference; lastKnownFileType = wrapper.xcdatamodel; path = Nerdflix.xcdatamodel; sourceTree = "<group>"; };
		90734E6326FFB73000B34B77 /* Assets.xcassets */ = {isa = PBXFileReference; lastKnownFileType = folder.assetcatalog; path = Assets.xcassets; sourceTree = "<group>"; };
		90734E6626FFB73000B34B77 /* Base */ = {isa = PBXFileReference; lastKnownFileType = file.storyboard; name = Base; path = Base.lproj/LaunchScreen.storyboard; sourceTree = "<group>"; };
		90734E6826FFB73000B34B77 /* Info.plist */ = {isa = PBXFileReference; lastKnownFileType = text.plist.xml; path = Info.plist; sourceTree = "<group>"; };
		90734E7326FFB86200B34B77 /* HomeViewController.swift */ = {isa = PBXFileReference; lastKnownFileType = sourcecode.swift; path = HomeViewController.swift; sourceTree = "<group>"; };
		90734E7426FFB86200B34B77 /* HomeViewController.xib */ = {isa = PBXFileReference; lastKnownFileType = file.xib; path = HomeViewController.xib; sourceTree = "<group>"; };
		90734E8426FFC29700B34B77 /* CategoryTableViewCell.swift */ = {isa = PBXFileReference; lastKnownFileType = sourcecode.swift; path = CategoryTableViewCell.swift; sourceTree = "<group>"; };
		90734E8526FFC29700B34B77 /* CategoryTableViewCell.xib */ = {isa = PBXFileReference; lastKnownFileType = file.xib; path = CategoryTableViewCell.xib; sourceTree = "<group>"; };
		90734E8826FFC2C300B34B77 /* MoviesCollectionViewCell.swift */ = {isa = PBXFileReference; lastKnownFileType = sourcecode.swift; path = MoviesCollectionViewCell.swift; sourceTree = "<group>"; };
		90734E8926FFC2C300B34B77 /* MoviesCollectionViewCell.xib */ = {isa = PBXFileReference; lastKnownFileType = file.xib; path = MoviesCollectionViewCell.xib; sourceTree = "<group>"; };
/* End PBXFileReference section */

/* Begin PBXFrameworksBuildPhase section */
		90734E5126FFB72900B34B77 /* Frameworks */ = {
			isa = PBXFrameworksBuildPhase;
			buildActionMask = 2147483647;
			files = (
			);
			runOnlyForDeploymentPostprocessing = 0;
		};
/* End PBXFrameworksBuildPhase section */

/* Begin PBXGroup section */
		90734E4B26FFB72900B34B77 = {
			isa = PBXGroup;
			children = (
				90734E5626FFB72900B34B77 /* Nerdflix */,
				90734E5526FFB72900B34B77 /* Products */,
			);
			sourceTree = "<group>";
		};
		90734E5526FFB72900B34B77 /* Products */ = {
			isa = PBXGroup;
			children = (
				90734E5426FFB72900B34B77 /* Nerdflix.app */,
			);
			name = Products;
			sourceTree = "<group>";
		};
		90734E5626FFB72900B34B77 /* Nerdflix */ = {
			isa = PBXGroup;
			children = (
				90734E7226FFB79600B34B77 /* Commons */,
				90734E7126FFB79400B34B77 /* Scenes */,
				90734E7026FFB79300B34B77 /* Sources */,
				90734E6F26FFB79100B34B77 /* Resources */,
			);
			path = Nerdflix;
			sourceTree = "<group>";
		};
		90734E6F26FFB79100B34B77 /* Resources */ = {
			isa = PBXGroup;
			children = (
				90734E6526FFB73000B34B77 /* LaunchScreen.storyboard */,
				90734E6326FFB73000B34B77 /* Assets.xcassets */,
				90734E6026FFB72900B34B77 /* Nerdflix.xcdatamodeld */,
				90734E6826FFB73000B34B77 /* Info.plist */,
			);
			path = Resources;
			sourceTree = "<group>";
		};
		90734E7026FFB79300B34B77 /* Sources */ = {
			isa = PBXGroup;
			children = (
				90734E5726FFB72900B34B77 /* AppDelegate.swift */,
			);
			path = Sources;
			sourceTree = "<group>";
		};
		90734E7126FFB79400B34B77 /* Scenes */ = {
			isa = PBXGroup;
			children = (
				90734E7926FFB8AF00B34B77 /* Details */,
				90734E7826FFB8AC00B34B77 /* New Group */,
				90734E7726FFB89400B34B77 /* Home */,
			);
			path = Scenes;
			sourceTree = "<group>";
		};
		90734E7226FFB79600B34B77 /* Commons */ = {
			isa = PBXGroup;
			children = (
			);
			path = Commons;
			sourceTree = "<group>";
		};
		90734E7726FFB89400B34B77 /* Home */ = {
			isa = PBXGroup;
			children = (
				90734E7326FFB86200B34B77 /* HomeViewController.swift */,
				90734E7426FFB86200B34B77 /* HomeViewController.xib */,
				90FF5F7B26FFDC5C0032CAC4 /* Subviews */,
			);
			path = Home;
			sourceTree = "<group>";
		};
		90734E7826FFB8AC00B34B77 /* New Group */ = {
			isa = PBXGroup;
			children = (
			);
			path = "New Group";
			sourceTree = "<group>";
		};
		90734E7926FFB8AF00B34B77 /* Details */ = {
			isa = PBXGroup;
			children = (
			);
			path = Details;
			sourceTree = "<group>";
		};
		90734E7A26FFBE2600B34B77 /* TableViewCell */ = {
			isa = PBXGroup;
			children = (
				90734E8426FFC29700B34B77 /* CategoryTableViewCell.swift */,
				90734E8526FFC29700B34B77 /* CategoryTableViewCell.xib */,
				90734E7F26FFC13600B34B77 /* CollectionCell */,
			);
			path = TableViewCell;
			sourceTree = "<group>";
		};
		90734E7F26FFC13600B34B77 /* CollectionCell */ = {
			isa = PBXGroup;
			children = (
				90734E8826FFC2C300B34B77 /* MoviesCollectionViewCell.swift */,
				90734E8926FFC2C300B34B77 /* MoviesCollectionViewCell.xib */,
			);
			path = CollectionCell;
			sourceTree = "<group>";
		};
		90FF5F7B26FFDC5C0032CAC4 /* Subviews */ = {
			isa = PBXGroup;
			children = (
				90734E7A26FFBE2600B34B77 /* TableViewCell */,
			);
			path = Subviews;
			sourceTree = "<group>";
		};
/* End PBXGroup section */

/* Begin PBXNativeTarget section */
		90734E5326FFB72900B34B77 /* Nerdflix */ = {
			isa = PBXNativeTarget;
			buildConfigurationList = 90734E6B26FFB73000B34B77 /* Build configuration list for PBXNativeTarget "Nerdflix" */;
			buildPhases = (
				90734E5026FFB72900B34B77 /* Sources */,
				90734E5126FFB72900B34B77 /* Frameworks */,
				90734E5226FFB72900B34B77 /* Resources */,
			);
			buildRules = (
			);
			dependencies = (
			);
			name = Nerdflix;
			productName = Nerdflix;
			productReference = 90734E5426FFB72900B34B77 /* Nerdflix.app */;
			productType = "com.apple.product-type.application";
		};
/* End PBXNativeTarget section */

/* Begin PBXProject section */
		90734E4C26FFB72900B34B77 /* Project object */ = {
			isa = PBXProject;
			attributes = {
				LastSwiftUpdateCheck = 1170;
				LastUpgradeCheck = 1170;
				ORGANIZATIONNAME = "Leonardo Cunha";
				TargetAttributes = {
					90734E5326FFB72900B34B77 = {
						CreatedOnToolsVersion = 11.7;
					};
				};
			};
			buildConfigurationList = 90734E4F26FFB72900B34B77 /* Build configuration list for PBXProject "Nerdflix" */;
			compatibilityVersion = "Xcode 9.3";
			developmentRegion = en;
			hasScannedForEncodings = 0;
			knownRegions = (
				en,
				Base,
			);
			mainGroup = 90734E4B26FFB72900B34B77;
			productRefGroup = 90734E5526FFB72900B34B77 /* Products */;
			projectDirPath = "";
			projectRoot = "";
			targets = (
				90734E5326FFB72900B34B77 /* Nerdflix */,
			);
		};
/* End PBXProject section */

/* Begin PBXResourcesBuildPhase section */
		90734E5226FFB72900B34B77 /* Resources */ = {
			isa = PBXResourcesBuildPhase;
			buildActionMask = 2147483647;
			files = (
				90734E6726FFB73000B34B77 /* LaunchScreen.storyboard in Resources */,
				90734E8726FFC29700B34B77 /* CategoryTableViewCell.xib in Resources */,
				90734E8B26FFC2C300B34B77 /* MoviesCollectionViewCell.xib in Resources */,
				90734E6426FFB73000B34B77 /* Assets.xcassets in Resources */,
				90734E7626FFB86200B34B77 /* HomeViewController.xib in Resources */,
			);
			runOnlyForDeploymentPostprocessing = 0;
		};
/* End PBXResourcesBuildPhase section */

/* Begin PBXSourcesBuildPhase section */
		90734E5026FFB72900B34B77 /* Sources */ = {
			isa = PBXSourcesBuildPhase;
			buildActionMask = 2147483647;
			files = (
				90734E8626FFC29700B34B77 /* CategoryTableViewCell.swift in Sources */,
				90734E6226FFB72900B34B77 /* Nerdflix.xcdatamodeld in Sources */,
				90734E5826FFB72900B34B77 /* AppDelegate.swift in Sources */,
				90734E7526FFB86200B34B77 /* HomeViewController.swift in Sources */,
				90734E8A26FFC2C300B34B77 /* MoviesCollectionViewCell.swift in Sources */,
			);
			runOnlyForDeploymentPostprocessing = 0;
		};
/* End PBXSourcesBuildPhase section */

/* Begin PBXVariantGroup section */
		90734E6526FFB73000B34B77 /* LaunchScreen.storyboard */ = {
			isa = PBXVariantGroup;
			children = (
				90734E6626FFB73000B34B77 /* Base */,
			);
			name = LaunchScreen.storyboard;
			sourceTree = "<group>";
		};
/* End PBXVariantGroup section */

/* Begin XCBuildConfiguration section */
		90734E6926FFB73000B34B77 /* Debug */ = {
			isa = XCBuildConfiguration;
			buildSettings = {
				ALWAYS_SEARCH_USER_PATHS = NO;
				CLANG_ANALYZER_NONNULL = YES;
				CLANG_ANALYZER_NUMBER_OBJECT_CONVERSION = YES_AGGRESSIVE;
				CLANG_CXX_LANGUAGE_STANDARD = "gnu++14";
				CLANG_CXX_LIBRARY = "libc++";
				CLANG_ENABLE_MODULES = YES;
				CLANG_ENABLE_OBJC_ARC = YES;
				CLANG_ENABLE_OBJC_WEAK = YES;
				CLANG_WARN_BLOCK_CAPTURE_AUTORELEASING = YES;
				CLANG_WARN_BOOL_CONVERSION = YES;
				CLANG_WARN_COMMA = YES;
				CLANG_WARN_CONSTANT_CONVERSION = YES;
				CLANG_WARN_DEPRECATED_OBJC_IMPLEMENTATIONS = YES;
				CLANG_WARN_DIRECT_OBJC_ISA_USAGE = YES_ERROR;
				CLANG_WARN_DOCUMENTATION_COMMENTS = YES;
				CLANG_WARN_EMPTY_BODY = YES;
				CLANG_WARN_ENUM_CONVERSION = YES;
				CLANG_WARN_INFINITE_RECURSION = YES;
				CLANG_WARN_INT_CONVERSION = YES;
				CLANG_WARN_NON_LITERAL_NULL_CONVERSION = YES;
				CLANG_WARN_OBJC_IMPLICIT_RETAIN_SELF = YES;
				CLANG_WARN_OBJC_LITERAL_CONVERSION = YES;
				CLANG_WARN_OBJC_ROOT_CLASS = YES_ERROR;
				CLANG_WARN_RANGE_LOOP_ANALYSIS = YES;
				CLANG_WARN_STRICT_PROTOTYPES = YES;
				CLANG_WARN_SUSPICIOUS_MOVE = YES;
				CLANG_WARN_UNGUARDED_AVAILABILITY = YES_AGGRESSIVE;
				CLANG_WARN_UNREACHABLE_CODE = YES;
				CLANG_WARN__DUPLICATE_METHOD_MATCH = YES;
				COPY_PHASE_STRIP = NO;
				DEBUG_INFORMATION_FORMAT = dwarf;
				ENABLE_STRICT_OBJC_MSGSEND = YES;
				ENABLE_TESTABILITY = YES;
				GCC_C_LANGUAGE_STANDARD = gnu11;
				GCC_DYNAMIC_NO_PIC = NO;
				GCC_NO_COMMON_BLOCKS = YES;
				GCC_OPTIMIZATION_LEVEL = 0;
				GCC_PREPROCESSOR_DEFINITIONS = (
					"DEBUG=1",
					"$(inherited)",
				);
				GCC_WARN_64_TO_32_BIT_CONVERSION = YES;
				GCC_WARN_ABOUT_RETURN_TYPE = YES_ERROR;
				GCC_WARN_UNDECLARED_SELECTOR = YES;
				GCC_WARN_UNINITIALIZED_AUTOS = YES_AGGRESSIVE;
				GCC_WARN_UNUSED_FUNCTION = YES;
				GCC_WARN_UNUSED_VARIABLE = YES;
				IPHONEOS_DEPLOYMENT_TARGET = 13.7;
				MTL_ENABLE_DEBUG_INFO = INCLUDE_SOURCE;
				MTL_FAST_MATH = YES;
				ONLY_ACTIVE_ARCH = YES;
				SDKROOT = iphoneos;
				SWIFT_ACTIVE_COMPILATION_CONDITIONS = DEBUG;
				SWIFT_OPTIMIZATION_LEVEL = "-Onone";
			};
			name = Debug;
		};
		90734E6A26FFB73000B34B77 /* Release */ = {
			isa = XCBuildConfiguration;
			buildSettings = {
				ALWAYS_SEARCH_USER_PATHS = NO;
				CLANG_ANALYZER_NONNULL = YES;
				CLANG_ANALYZER_NUMBER_OBJECT_CONVERSION = YES_AGGRESSIVE;
				CLANG_CXX_LANGUAGE_STANDARD = "gnu++14";
				CLANG_CXX_LIBRARY = "libc++";
				CLANG_ENABLE_MODULES = YES;
				CLANG_ENABLE_OBJC_ARC = YES;
				CLANG_ENABLE_OBJC_WEAK = YES;
				CLANG_WARN_BLOCK_CAPTURE_AUTORELEASING = YES;
				CLANG_WARN_BOOL_CONVERSION = YES;
				CLANG_WARN_COMMA = YES;
				CLANG_WARN_CONSTANT_CONVERSION = YES;
				CLANG_WARN_DEPRECATED_OBJC_IMPLEMENTATIONS = YES;
				CLANG_WARN_DIRECT_OBJC_ISA_USAGE = YES_ERROR;
				CLANG_WARN_DOCUMENTATION_COMMENTS = YES;
				CLANG_WARN_EMPTY_BODY = YES;
				CLANG_WARN_ENUM_CONVERSION = YES;
				CLANG_WARN_INFINITE_RECURSION = YES;
				CLANG_WARN_INT_CONVERSION = YES;
				CLANG_WARN_NON_LITERAL_NULL_CONVERSION = YES;
				CLANG_WARN_OBJC_IMPLICIT_RETAIN_SELF = YES;
				CLANG_WARN_OBJC_LITERAL_CONVERSION = YES;
				CLANG_WARN_OBJC_ROOT_CLASS = YES_ERROR;
				CLANG_WARN_RANGE_LOOP_ANALYSIS = YES;
				CLANG_WARN_STRICT_PROTOTYPES = YES;
				CLANG_WARN_SUSPICIOUS_MOVE = YES;
				CLANG_WARN_UNGUARDED_AVAILABILITY = YES_AGGRESSIVE;
				CLANG_WARN_UNREACHABLE_CODE = YES;
				CLANG_WARN__DUPLICATE_METHOD_MATCH = YES;
				COPY_PHASE_STRIP = NO;
				DEBUG_INFORMATION_FORMAT = "dwarf-with-dsym";
				ENABLE_NS_ASSERTIONS = NO;
				ENABLE_STRICT_OBJC_MSGSEND = YES;
				GCC_C_LANGUAGE_STANDARD = gnu11;
				GCC_NO_COMMON_BLOCKS = YES;
				GCC_WARN_64_TO_32_BIT_CONVERSION = YES;
				GCC_WARN_ABOUT_RETURN_TYPE = YES_ERROR;
				GCC_WARN_UNDECLARED_SELECTOR = YES;
				GCC_WARN_UNINITIALIZED_AUTOS = YES_AGGRESSIVE;
				GCC_WARN_UNUSED_FUNCTION = YES;
				GCC_WARN_UNUSED_VARIABLE = YES;
				IPHONEOS_DEPLOYMENT_TARGET = 13.7;
				MTL_ENABLE_DEBUG_INFO = NO;
				MTL_FAST_MATH = YES;
				SDKROOT = iphoneos;
				SWIFT_COMPILATION_MODE = wholemodule;
				SWIFT_OPTIMIZATION_LEVEL = "-O";
				VALIDATE_PRODUCT = YES;
			};
			name = Release;
		};
		90734E6C26FFB73000B34B77 /* Debug */ = {
			isa = XCBuildConfiguration;
			buildSettings = {
				ASSETCATALOG_COMPILER_APPICON_NAME = AppIcon;
				CODE_SIGN_STYLE = Automatic;
				DEVELOPMENT_TEAM = UYU42XWBK4;
				INFOPLIST_FILE = Nerdflix/Resources/Info.plist;
				IPHONEOS_DEPLOYMENT_TARGET = 12.0;
				LD_RUNPATH_SEARCH_PATHS = (
					"$(inherited)",
					"@executable_path/Frameworks",
				);
				PRODUCT_BUNDLE_IDENTIFIER = com.aprendendo.Nerdflix;
				PRODUCT_NAME = "$(TARGET_NAME)";
				SWIFT_VERSION = 5.0;
				TARGETED_DEVICE_FAMILY = 1;
			};
			name = Debug;
		};
		90734E6D26FFB73000B34B77 /* Release */ = {
			isa = XCBuildConfiguration;
			buildSettings = {
				ASSETCATALOG_COMPILER_APPICON_NAME = AppIcon;
				CODE_SIGN_STYLE = Automatic;
				DEVELOPMENT_TEAM = UYU42XWBK4;
				INFOPLIST_FILE = Nerdflix/Resources/Info.plist;
				IPHONEOS_DEPLOYMENT_TARGET = 12.0;
				LD_RUNPATH_SEARCH_PATHS = (
					"$(inherited)",
					"@executable_path/Frameworks",
				);
				PRODUCT_BUNDLE_IDENTIFIER = com.aprendendo.Nerdflix;
				PRODUCT_NAME = "$(TARGET_NAME)";
				SWIFT_VERSION = 5.0;
				TARGETED_DEVICE_FAMILY = 1;
			};
			name = Release;
		};
/* End XCBuildConfiguration section */

/* Begin XCConfigurationList section */
		90734E4F26FFB72900B34B77 /* Build configuration list for PBXProject "Nerdflix" */ = {
			isa = XCConfigurationList;
			buildConfigurations = (
				90734E6926FFB73000B34B77 /* Debug */,
				90734E6A26FFB73000B34B77 /* Release */,
			);
			defaultConfigurationIsVisible = 0;
			defaultConfigurationName = Release;
		};
		90734E6B26FFB73000B34B77 /* Build configuration list for PBXNativeTarget "Nerdflix" */ = {
			isa = XCConfigurationList;
			buildConfigurations = (
				90734E6C26FFB73000B34B77 /* Debug */,
				90734E6D26FFB73000B34B77 /* Release */,
			);
			defaultConfigurationIsVisible = 0;
			defaultConfigurationName = Release;
		};
/* End XCConfigurationList section */

/* Begin XCVersionGroup section */
		90734E6026FFB72900B34B77 /* Nerdflix.xcdatamodeld */ = {
			isa = XCVersionGroup;
			children = (
				90734E6126FFB72900B34B77 /* Nerdflix.xcdatamodel */,
			);
			currentVersion = 90734E6126FFB72900B34B77 /* Nerdflix.xcdatamodel */;
			path = Nerdflix.xcdatamodeld;
			sourceTree = "<group>";
			versionGroupType = wrapper.xcdatamodel;
		};
/* End XCVersionGroup section */
	};
	rootObject = 90734E4C26FFB72900B34B77 /* Project object */;
}
