// !$*UTF8*$!
{
	archiveVersion = 1;
	classes = {
	};
	objectVersion = 51;
	objects = {

/* Begin PBXBuildFile section */
		59AE58FFD055006432D3C4EB /* Pods_Nerdflix.framework in Frameworks */ = {isa = PBXBuildFile; fileRef = 4845DBBE9032376D724CBF67 /* Pods_Nerdflix.framework */; };
		90734E5826FFB72900B34B77 /* AppDelegate.swift in Sources */ = {isa = PBXBuildFile; fileRef = 90734E5726FFB72900B34B77 /* AppDelegate.swift */; };
		90734E6226FFB72900B34B77 /* Nerdflix.xcdatamodeld in Sources */ = {isa = PBXBuildFile; fileRef = 90734E6026FFB72900B34B77 /* Nerdflix.xcdatamodeld */; };
		90734E6426FFB73000B34B77 /* Assets.xcassets in Resources */ = {isa = PBXBuildFile; fileRef = 90734E6326FFB73000B34B77 /* Assets.xcassets */; };
		90734E6726FFB73000B34B77 /* LaunchScreen.storyboard in Resources */ = {isa = PBXBuildFile; fileRef = 90734E6526FFB73000B34B77 /* LaunchScreen.storyboard */; };
		90734E7526FFB86200B34B77 /* HomeViewController.swift in Sources */ = {isa = PBXBuildFile; fileRef = 90734E7326FFB86200B34B77 /* HomeViewController.swift */; };
		90734E7626FFB86200B34B77 /* HomeViewController.xib in Resources */ = {isa = PBXBuildFile; fileRef = 90734E7426FFB86200B34B77 /* HomeViewController.xib */; };
		90734E8726FFC29700B34B77 /* CategoryTableViewCell.xib in Resources */ = {isa = PBXBuildFile; fileRef = 90734E8526FFC29700B34B77 /* CategoryTableViewCell.xib */; };
		90734E8A26FFC2C300B34B77 /* MoviesCollectionViewCell.swift in Sources */ = {isa = PBXBuildFile; fileRef = 90734E8826FFC2C300B34B77 /* MoviesCollectionViewCell.swift */; };
		90734E8B26FFC2C300B34B77 /* MoviesCollectionViewCell.xib in Resources */ = {isa = PBXBuildFile; fileRef = 90734E8926FFC2C300B34B77 /* MoviesCollectionViewCell.xib */; };
		908367EB27000D95000BC590 /* HomeViewModel.swift in Sources */ = {isa = PBXBuildFile; fileRef = 908367EA27000D95000BC590 /* HomeViewModel.swift */; };
		908367F02700140A000BC590 /* MoviesModel.swift in Sources */ = {isa = PBXBuildFile; fileRef = 908367EF2700140A000BC590 /* MoviesModel.swift */; };
		90D62D5127015AEF0081D2F5 /* DetalhesViewController.swift in Sources */ = {isa = PBXBuildFile; fileRef = 90D62D4F27015AEF0081D2F5 /* DetalhesViewController.swift */; };
		90D62D5227015AEF0081D2F5 /* DetalhesViewController.xib in Resources */ = {isa = PBXBuildFile; fileRef = 90D62D5027015AEF0081D2F5 /* DetalhesViewController.xib */; };
		90D62D5427015B1C0081D2F5 /* DetalhesViewModel.swift in Sources */ = {isa = PBXBuildFile; fileRef = 90D62D5327015B1C0081D2F5 /* DetalhesViewModel.swift */; };
		90D62D5827015B440081D2F5 /* VerMaisViewController.swift in Sources */ = {isa = PBXBuildFile; fileRef = 90D62D5627015B440081D2F5 /* VerMaisViewController.swift */; };
		90D62D5927015B440081D2F5 /* VerMaisViewController.xib in Resources */ = {isa = PBXBuildFile; fileRef = 90D62D5727015B440081D2F5 /* VerMaisViewController.xib */; };
		90D62D5A27015E660081D2F5 /* CategoryTableViewCell.swift in Sources */ = {isa = PBXBuildFile; fileRef = 90734E8426FFC29700B34B77 /* CategoryTableViewCell.swift */; };
		90D62D5C27016D430081D2F5 /* DetalhesModel.swift in Sources */ = {isa = PBXBuildFile; fileRef = 90D62D5B27016D430081D2F5 /* DetalhesModel.swift */; };
/* End PBXBuildFile section */

/* Begin PBXFileReference section */
		40C45AED9580B0EC61547760 /* Pods-Nerdflix.release.xcconfig */ = {isa = PBXFileReference; includeInIndex = 1; lastKnownFileType = text.xcconfig; name = "Pods-Nerdflix.release.xcconfig"; path = "Target Support Files/Pods-Nerdflix/Pods-Nerdflix.release.xcconfig"; sourceTree = "<group>"; };
		4845DBBE9032376D724CBF67 /* Pods_Nerdflix.framework */ = {isa = PBXFileReference; explicitFileType = wrapper.framework; includeInIndex = 0; path = Pods_Nerdflix.framework; sourceTree = BUILT_PRODUCTS_DIR; };
		90734E5426FFB72900B34B77 /* Nerdflix.app */ = {isa = PBXFileReference; explicitFileType = wrapper.application; includeInIndex = 0; path = Nerdflix.app; sourceTree = BUILT_PRODUCTS_DIR; };
		90734E5726FFB72900B34B77 /* AppDelegate.swift */ = {isa = PBXFileReference; lastKnownFileType = sourcecode.swift; path = AppDelegate.swift; sourceTree = "<group>"; };
		90734E6126FFB72900B34B77 /* Nerdflix.xcdatamodel */ = {isa = PBXFileReference; lastKnownFileType = wrapper.xcdatamodel; path = Nerdflix.xcdatamodel; sourceTree = "<group>"; };
		90734E6326FFB73000B34B77 /* Assets.xcassets */ = {isa = PBXFileReference; lastKnownFileType = folder.assetcatalog; path = Assets.xcassets; sourceTree = "<group>"; };
		90734E6626FFB73000B34B77 /* Base */ = {isa = PBXFileReference; lastKnownFileType = file.storyboard; name = Base; path = Base.lproj/LaunchScreen.storyboard; sourceTree = "<group>"; };
		90734E6826FFB73000B34B77 /* Info.plist */ = {isa = PBXFileReference; lastKnownFileType = text.plist.xml; path = Info.plist; sourceTree = "<group>"; };
		90734E7326FFB86200B34B77 /* HomeViewController.swift */ = {isa = PBXFileReference; lastKnownFileType = sourcecode.swift; path = HomeViewController.swift; sourceTree = "<group>"; };
		90734E7426FFB86200B34B77 /* HomeViewController.xib */ = {isa = PBXFileReference; lastKnownFileType = file.xib; path = HomeViewController.xib; sourceTree = "<group>"; };
		90734E8426FFC29700B34B77 /* CategoryTableViewCell.swift */ = {isa = PBXFileReference; lastKnownFileType = sourcecode.swift; path = CategoryTableViewCell.swift; sourceTree = "<group>"; };
		90734E8526FFC29700B34B77 /* CategoryTableViewCell.xib */ = {isa = PBXFileReference; lastKnownFileType = file.xib; path = CategoryTableViewCell.xib; sourceTree = "<group>"; };
		90734E8826FFC2C300B34B77 /* MoviesCollectionViewCell.swift */ = {isa = PBXFileReference; lastKnownFileType = sourcecode.swift; path = MoviesCollectionViewCell.swift; sourceTree = "<group>"; };
		90734E8926FFC2C300B34B77 /* MoviesCollectionViewCell.xib */ = {isa = PBXFileReference; lastKnownFileType = file.xib; path = MoviesCollectionViewCell.xib; sourceTree = "<group>"; };
		908367EA27000D95000BC590 /* HomeViewModel.swift */ = {isa = PBXFileReference; lastKnownFileType = sourcecode.swift; path = HomeViewModel.swift; sourceTree = "<group>"; };
		908367EF2700140A000BC590 /* MoviesModel.swift */ = {isa = PBXFileReference; lastKnownFileType = sourcecode.swift; path = MoviesModel.swift; sourceTree = "<group>"; };
		90D62D4F27015AEF0081D2F5 /* DetalhesViewController.swift */ = {isa = PBXFileReference; lastKnownFileType = sourcecode.swift; path = DetalhesViewController.swift; sourceTree = "<group>"; };
		90D62D5027015AEF0081D2F5 /* DetalhesViewController.xib */ = {isa = PBXFileReference; lastKnownFileType = file.xib; path = DetalhesViewController.xib; sourceTree = "<group>"; };
		90D62D5327015B1C0081D2F5 /* DetalhesViewModel.swift */ = {isa = PBXFileReference; lastKnownFileType = sourcecode.swift; path = DetalhesViewModel.swift; sourceTree = "<group>"; };
		90D62D5627015B440081D2F5 /* VerMaisViewController.swift */ = {isa = PBXFileReference; lastKnownFileType = sourcecode.swift; path = VerMaisViewController.swift; sourceTree = "<group>"; };
		90D62D5727015B440081D2F5 /* VerMaisViewController.xib */ = {isa = PBXFileReference; lastKnownFileType = file.xib; path = VerMaisViewController.xib; sourceTree = "<group>"; };
		90D62D5B27016D430081D2F5 /* DetalhesModel.swift */ = {isa = PBXFileReference; lastKnownFileType = sourcecode.swift; path = DetalhesModel.swift; sourceTree = "<group>"; };
		EBE1B0696522ED441ACD741C /* Pods-Nerdflix.debug.xcconfig */ = {isa = PBXFileReference; includeInIndex = 1; lastKnownFileType = text.xcconfig; name = "Pods-Nerdflix.debug.xcconfig"; path = "Target Support Files/Pods-Nerdflix/Pods-Nerdflix.debug.xcconfig"; sourceTree = "<group>"; };
/* End PBXFileReference section */

/* Begin PBXFrameworksBuildPhase section */
		90734E5126FFB72900B34B77 /* Frameworks */ = {
			isa = PBXFrameworksBuildPhase;
			buildActionMask = 2147483647;
			files = (
				59AE58FFD055006432D3C4EB /* Pods_Nerdflix.framework in Frameworks */,
			);
			runOnlyForDeploymentPostprocessing = 0;
		};
/* End PBXFrameworksBuildPhase section */

/* Begin PBXGroup section */
		302B24673C6B872F28647970 /* Frameworks */ = {
			isa = PBXGroup;
			children = (
				4845DBBE9032376D724CBF67 /* Pods_Nerdflix.framework */,
			);
			name = Frameworks;
			sourceTree = "<group>";
		};
		39E10B08E514667901E1B928 /* Pods */ = {
			isa = PBXGroup;
			children = (
				EBE1B0696522ED441ACD741C /* Pods-Nerdflix.debug.xcconfig */,
				40C45AED9580B0EC61547760 /* Pods-Nerdflix.release.xcconfig */,
			);
			path = Pods;
			sourceTree = "<group>";
		};
		90734E4B26FFB72900B34B77 = {
			isa = PBXGroup;
			children = (
				90734E5626FFB72900B34B77 /* Nerdflix */,
				90734E5526FFB72900B34B77 /* Products */,
				39E10B08E514667901E1B928 /* Pods */,
				302B24673C6B872F28647970 /* Frameworks */,
			);
			sourceTree = "<group>";
		};
		90734E5526FFB72900B34B77 /* Products */ = {
			isa = PBXGroup;
			children = (
				90734E5426FFB72900B34B77 /* Nerdflix.app */,
			);
			name = Products;
			sourceTree = "<group>";
		};
		90734E5626FFB72900B34B77 /* Nerdflix */ = {
			isa = PBXGroup;
			children = (
				90734E7226FFB79600B34B77 /* Commons */,
				90734E7126FFB79400B34B77 /* Scenes */,
				90734E7026FFB79300B34B77 /* Sources */,
				90734E6F26FFB79100B34B77 /* Resources */,
			);
			path = Nerdflix;
			sourceTree = "<group>";
		};
		90734E6F26FFB79100B34B77 /* Resources */ = {
			isa = PBXGroup;
			children = (
				90734E6526FFB73000B34B77 /* LaunchScreen.storyboard */,
				90734E6326FFB73000B34B77 /* Assets.xcassets */,
				90734E6026FFB72900B34B77 /* Nerdflix.xcdatamodeld */,
				90734E6826FFB73000B34B77 /* Info.plist */,
			);
			path = Resources;
			sourceTree = "<group>";
		};
		90734E7026FFB79300B34B77 /* Sources */ = {
			isa = PBXGroup;
			children = (
				90734E5726FFB72900B34B77 /* AppDelegate.swift */,
			);
			path = Sources;
			sourceTree = "<group>";
		};
		90734E7126FFB79400B34B77 /* Scenes */ = {
			isa = PBXGroup;
			children = (
				90D62D5527015B2C0081D2F5 /* Ver */,
				90D62D4E27015ADB0081D2F5 /* Detalhes */,
				90734E7726FFB89400B34B77 /* Home */,
			);
			path = Scenes;
			sourceTree = "<group>";
		};
		90734E7226FFB79600B34B77 /* Commons */ = {
			isa = PBXGroup;
			children = (
			);
			path = Commons;
			sourceTree = "<group>";
		};
		90734E7726FFB89400B34B77 /* Home */ = {
			isa = PBXGroup;
			children = (
				908367EC270013B1000BC590 /* Model */,
				908367EA27000D95000BC590 /* HomeViewModel.swift */,
				90734E7326FFB86200B34B77 /* HomeViewController.swift */,
				90734E7426FFB86200B34B77 /* HomeViewController.xib */,
				90FF5F7B26FFDC5C0032CAC4 /* Subviews */,
			);
			path = Home;
			sourceTree = "<group>";
		};
		90734E7A26FFBE2600B34B77 /* TableViewCell */ = {
			isa = PBXGroup;
			children = (
				90734E8426FFC29700B34B77 /* CategoryTableViewCell.swift */,
				90734E8526FFC29700B34B77 /* CategoryTableViewCell.xib */,
				90734E7F26FFC13600B34B77 /* CollectionCell */,
			);
			path = TableViewCell;
			sourceTree = "<group>";
		};
		90734E7F26FFC13600B34B77 /* CollectionCell */ = {
			isa = PBXGroup;
			children = (
				90734E8826FFC2C300B34B77 /* MoviesCollectionViewCell.swift */,
				90734E8926FFC2C300B34B77 /* MoviesCollectionViewCell.xib */,
			);
			path = CollectionCell;
			sourceTree = "<group>";
		};
		908367EC270013B1000BC590 /* Model */ = {
			isa = PBXGroup;
			children = (
				908367EF2700140A000BC590 /* MoviesModel.swift */,
			);
			path = Model;
			sourceTree = "<group>";
		};
		90D62D4E27015ADB0081D2F5 /* Detalhes */ = {
			isa = PBXGroup;
			children = (
				90D62D5B27016D430081D2F5 /* DetalhesModel.swift */,
				90D62D5327015B1C0081D2F5 /* DetalhesViewModel.swift */,
				90D62D4F27015AEF0081D2F5 /* DetalhesViewController.swift */,
				90D62D5027015AEF0081D2F5 /* DetalhesViewController.xib */,
			);
			path = Detalhes;
			sourceTree = "<group>";
		};
		90D62D5527015B2C0081D2F5 /* Ver */ = {
			isa = PBXGroup;
			children = (
				90D62D5627015B440081D2F5 /* VerMaisViewController.swift */,
				90D62D5727015B440081D2F5 /* VerMaisViewController.xib */,
			);
			path = Ver;
			sourceTree = "<group>";
		};
		90FF5F7B26FFDC5C0032CAC4 /* Subviews */ = {
			isa = PBXGroup;
			children = (
				90734E7A26FFBE2600B34B77 /* TableViewCell */,
			);
			path = Subviews;
			sourceTree = "<group>";
		};
/* End PBXGroup section */

/* Begin PBXNativeTarget section */
		90734E5326FFB72900B34B77 /* Nerdflix */ = {
			isa = PBXNativeTarget;
			buildConfigurationList = 90734E6B26FFB73000B34B77 /* Build configuration list for PBXNativeTarget "Nerdflix" */;
			buildPhases = (
				F66B6A1CF4824E9ABCD07C09 /* [CP] Check Pods Manifest.lock */,
				90734E5026FFB72900B34B77 /* Sources */,
				90734E5126FFB72900B34B77 /* Frameworks */,
				90734E5226FFB72900B34B77 /* Resources */,
				5B2EA0F9ED1529ED9A02353A /* [CP] Embed Pods Frameworks */,
			);
			buildRules = (
			);
			dependencies = (
			);
			name = Nerdflix;
			productName = Nerdflix;
			productReference = 90734E5426FFB72900B34B77 /* Nerdflix.app */;
			productType = "com.apple.product-type.application";
		};
/* End PBXNativeTarget section */

/* Begin PBXProject section */
		90734E4C26FFB72900B34B77 /* Project object */ = {
			isa = PBXProject;
			attributes = {
				LastSwiftUpdateCheck = 1170;
				LastUpgradeCheck = 1170;
				ORGANIZATIONNAME = "Leonardo Cunha";
				TargetAttributes = {
					90734E5326FFB72900B34B77 = {
						CreatedOnToolsVersion = 11.7;
					};
				};
			};
			buildConfigurationList = 90734E4F26FFB72900B34B77 /* Build configuration list for PBXProject "Nerdflix" */;
			compatibilityVersion = "Xcode 9.3";
			developmentRegion = en;
			hasScannedForEncodings = 0;
			knownRegions = (
				en,
				Base,
			);
			mainGroup = 90734E4B26FFB72900B34B77;
			productRefGroup = 90734E5526FFB72900B34B77 /* Products */;
			projectDirPath = "";
			projectRoot = "";
			targets = (
				90734E5326FFB72900B34B77 /* Nerdflix */,
			);
		};
/* End PBXProject section */

/* Begin PBXResourcesBuildPhase section */
		90734E5226FFB72900B34B77 /* Resources */ = {
			isa = PBXResourcesBuildPhase;
			buildActionMask = 2147483647;
			files = (
				90D62D5227015AEF0081D2F5 /* DetalhesViewController.xib in Resources */,
				90D62D5927015B440081D2F5 /* VerMaisViewController.xib in Resources */,
				90734E6726FFB73000B34B77 /* LaunchScreen.storyboard in Resources */,
				90734E8726FFC29700B34B77 /* CategoryTableViewCell.xib in Resources */,
				90734E8B26FFC2C300B34B77 /* MoviesCollectionViewCell.xib in Resources */,
				90734E6426FFB73000B34B77 /* Assets.xcassets in Resources */,
				90734E7626FFB86200B34B77 /* HomeViewController.xib in Resources */,
			);
			runOnlyForDeploymentPostprocessing = 0;
		};
/* End PBXResourcesBuildPhase section */

/* Begin PBXShellScriptBuildPhase section */
		5B2EA0F9ED1529ED9A02353A /* [CP] Embed Pods Frameworks */ = {
			isa = PBXShellScriptBuildPhase;
			buildActionMask = 2147483647;
			files = (
			);
			inputFileListPaths = (
				"${PODS_ROOT}/Target Support Files/Pods-Nerdflix/Pods-Nerdflix-frameworks-${CONFIGURATION}-input-files.xcfilelist",
			);
			name = "[CP] Embed Pods Frameworks";
			outputFileListPaths = (
				"${PODS_ROOT}/Target Support Files/Pods-Nerdflix/Pods-Nerdflix-frameworks-${CONFIGURATION}-output-files.xcfilelist",
			);
			runOnlyForDeploymentPostprocessing = 0;
			shellPath = /bin/sh;
			shellScript = "\"${PODS_ROOT}/Target Support Files/Pods-Nerdflix/Pods-Nerdflix-frameworks.sh\"\n";
			showEnvVarsInLog = 0;
		};
		F66B6A1CF4824E9ABCD07C09 /* [CP] Check Pods Manifest.lock */ = {
			isa = PBXShellScriptBuildPhase;
			buildActionMask = 2147483647;
			files = (
			);
			inputFileListPaths = (
			);
			inputPaths = (
				"${PODS_PODFILE_DIR_PATH}/Podfile.lock",
				"${PODS_ROOT}/Manifest.lock",
			);
			name = "[CP] Check Pods Manifest.lock";
			outputFileListPaths = (
			);
			outputPaths = (
				"$(DERIVED_FILE_DIR)/Pods-Nerdflix-checkManifestLockResult.txt",
			);
			runOnlyForDeploymentPostprocessing = 0;
			shellPath = /bin/sh;
			shellScript = "diff \"${PODS_PODFILE_DIR_PATH}/Podfile.lock\" \"${PODS_ROOT}/Manifest.lock\" > /dev/null\nif [ $? != 0 ] ; then\n    # print error to STDERR\n    echo \"error: The sandbox is not in sync with the Podfile.lock. Run 'pod install' or update your CocoaPods installation.\" >&2\n    exit 1\nfi\n# This output is used by Xcode 'outputs' to avoid re-running this script phase.\necho \"SUCCESS\" > \"${SCRIPT_OUTPUT_FILE_0}\"\n";
			showEnvVarsInLog = 0;
		};
/* End PBXShellScriptBuildPhase section */

/* Begin PBXSourcesBuildPhase section */
		90734E5026FFB72900B34B77 /* Sources */ = {
			isa = PBXSourcesBuildPhase;
			buildActionMask = 2147483647;
			files = (
				90D62D5127015AEF0081D2F5 /* DetalhesViewController.swift in Sources */,
				90D62D5827015B440081D2F5 /* VerMaisViewController.swift in Sources */,
				90D62D5C27016D430081D2F5 /* DetalhesModel.swift in Sources */,
				908367EB27000D95000BC590 /* HomeViewModel.swift in Sources */,
				90734E6226FFB72900B34B77 /* Nerdflix.xcdatamodeld in Sources */,
				908367F02700140A000BC590 /* MoviesModel.swift in Sources */,
				90D62D5A27015E660081D2F5 /* CategoryTableViewCell.swift in Sources */,
				90D62D5427015B1C0081D2F5 /* DetalhesViewModel.swift in Sources */,
				90734E5826FFB72900B34B77 /* AppDelegate.swift in Sources */,
				90734E7526FFB86200B34B77 /* HomeViewController.swift in Sources */,
				90734E8A26FFC2C300B34B77 /* MoviesCollectionViewCell.swift in Sources */,
			);
			runOnlyForDeploymentPostprocessing = 0;
		};
/* End PBXSourcesBuildPhase section */

/* Begin PBXVariantGroup section */
		90734E6526FFB73000B34B77 /* LaunchScreen.storyboard */ = {
			isa = PBXVariantGroup;
			children = (
				90734E6626FFB73000B34B77 /* Base */,
			);
			name = LaunchScreen.storyboard;
			sourceTree = "<group>";
		};
/* End PBXVariantGroup section */

/* Begin XCBuildConfiguration section */
		90734E6926FFB73000B34B77 /* Debug */ = {
			isa = XCBuildConfiguration;
			buildSettings = {
				ALWAYS_SEARCH_USER_PATHS = NO;
				CLANG_ANALYZER_NONNULL = YES;
				CLANG_ANALYZER_NUMBER_OBJECT_CONVERSION = YES_AGGRESSIVE;
				CLANG_CXX_LANGUAGE_STANDARD = "gnu++14";
				CLANG_CXX_LIBRARY = "libc++";
				CLANG_ENABLE_MODULES = YES;
				CLANG_ENABLE_OBJC_ARC = YES;
				CLANG_ENABLE_OBJC_WEAK = YES;
				CLANG_WARN_BLOCK_CAPTURE_AUTORELEASING = YES;
				CLANG_WARN_BOOL_CONVERSION = YES;
				CLANG_WARN_COMMA = YES;
				CLANG_WARN_CONSTANT_CONVERSION = YES;
				CLANG_WARN_DEPRECATED_OBJC_IMPLEMENTATIONS = YES;
				CLANG_WARN_DIRECT_OBJC_ISA_USAGE = YES_ERROR;
				CLANG_WARN_DOCUMENTATION_COMMENTS = YES;
				CLANG_WARN_EMPTY_BODY = YES;
				CLANG_WARN_ENUM_CONVERSION = YES;
				CLANG_WARN_INFINITE_RECURSION = YES;
				CLANG_WARN_INT_CONVERSION = YES;
				CLANG_WARN_NON_LITERAL_NULL_CONVERSION = YES;
				CLANG_WARN_OBJC_IMPLICIT_RETAIN_SELF = YES;
				CLANG_WARN_OBJC_LITERAL_CONVERSION = YES;
				CLANG_WARN_OBJC_ROOT_CLASS = YES_ERROR;
				CLANG_WARN_RANGE_LOOP_ANALYSIS = YES;
				CLANG_WARN_STRICT_PROTOTYPES = YES;
				CLANG_WARN_SUSPICIOUS_MOVE = YES;
				CLANG_WARN_UNGUARDED_AVAILABILITY = YES_AGGRESSIVE;
				CLANG_WARN_UNREACHABLE_CODE = YES;
				CLANG_WARN__DUPLICATE_METHOD_MATCH = YES;
				COPY_PHASE_STRIP = NO;
				DEBUG_INFORMATION_FORMAT = dwarf;
				ENABLE_STRICT_OBJC_MSGSEND = YES;
				ENABLE_TESTABILITY = YES;
				GCC_C_LANGUAGE_STANDARD = gnu11;
				GCC_DYNAMIC_NO_PIC = NO;
				GCC_NO_COMMON_BLOCKS = YES;
				GCC_OPTIMIZATION_LEVEL = 0;
				GCC_PREPROCESSOR_DEFINITIONS = (
					"DEBUG=1",
					"$(inherited)",
				);
				GCC_WARN_64_TO_32_BIT_CONVERSION = YES;
				GCC_WARN_ABOUT_RETURN_TYPE = YES_ERROR;
				GCC_WARN_UNDECLARED_SELECTOR = YES;
				GCC_WARN_UNINITIALIZED_AUTOS = YES_AGGRESSIVE;
				GCC_WARN_UNUSED_FUNCTION = YES;
				GCC_WARN_UNUSED_VARIABLE = YES;
				IPHONEOS_DEPLOYMENT_TARGET = 13.7;
				MTL_ENABLE_DEBUG_INFO = INCLUDE_SOURCE;
				MTL_FAST_MATH = YES;
				ONLY_ACTIVE_ARCH = YES;
				SDKROOT = iphoneos;
				SWIFT_ACTIVE_COMPILATION_CONDITIONS = DEBUG;
				SWIFT_OPTIMIZATION_LEVEL = "-Onone";
			};
			name = Debug;
		};
		90734E6A26FFB73000B34B77 /* Release */ = {
			isa = XCBuildConfiguration;
			buildSettings = {
				ALWAYS_SEARCH_USER_PATHS = NO;
				CLANG_ANALYZER_NONNULL = YES;
				CLANG_ANALYZER_NUMBER_OBJECT_CONVERSION = YES_AGGRESSIVE;
				CLANG_CXX_LANGUAGE_STANDARD = "gnu++14";
				CLANG_CXX_LIBRARY = "libc++";
				CLANG_ENABLE_MODULES = YES;
				CLANG_ENABLE_OBJC_ARC = YES;
				CLANG_ENABLE_OBJC_WEAK = YES;
				CLANG_WARN_BLOCK_CAPTURE_AUTORELEASING = YES;
				CLANG_WARN_BOOL_CONVERSION = YES;
				CLANG_WARN_COMMA = YES;
				CLANG_WARN_CONSTANT_CONVERSION = YES;
				CLANG_WARN_DEPRECATED_OBJC_IMPLEMENTATIONS = YES;
				CLANG_WARN_DIRECT_OBJC_ISA_USAGE = YES_ERROR;
				CLANG_WARN_DOCUMENTATION_COMMENTS = YES;
				CLANG_WARN_EMPTY_BODY = YES;
				CLANG_WARN_ENUM_CONVERSION = YES;
				CLANG_WARN_INFINITE_RECURSION = YES;
				CLANG_WARN_INT_CONVERSION = YES;
				CLANG_WARN_NON_LITERAL_NULL_CONVERSION = YES;
				CLANG_WARN_OBJC_IMPLICIT_RETAIN_SELF = YES;
				CLANG_WARN_OBJC_LITERAL_CONVERSION = YES;
				CLANG_WARN_OBJC_ROOT_CLASS = YES_ERROR;
				CLANG_WARN_RANGE_LOOP_ANALYSIS = YES;
				CLANG_WARN_STRICT_PROTOTYPES = YES;
				CLANG_WARN_SUSPICIOUS_MOVE = YES;
				CLANG_WARN_UNGUARDED_AVAILABILITY = YES_AGGRESSIVE;
				CLANG_WARN_UNREACHABLE_CODE = YES;
				CLANG_WARN__DUPLICATE_METHOD_MATCH = YES;
				COPY_PHASE_STRIP = NO;
				DEBUG_INFORMATION_FORMAT = "dwarf-with-dsym";
				ENABLE_NS_ASSERTIONS = NO;
				ENABLE_STRICT_OBJC_MSGSEND = YES;
				GCC_C_LANGUAGE_STANDARD = gnu11;
				GCC_NO_COMMON_BLOCKS = YES;
				GCC_WARN_64_TO_32_BIT_CONVERSION = YES;
				GCC_WARN_ABOUT_RETURN_TYPE = YES_ERROR;
				GCC_WARN_UNDECLARED_SELECTOR = YES;
				GCC_WARN_UNINITIALIZED_AUTOS = YES_AGGRESSIVE;
				GCC_WARN_UNUSED_FUNCTION = YES;
				GCC_WARN_UNUSED_VARIABLE = YES;
				IPHONEOS_DEPLOYMENT_TARGET = 13.7;
				MTL_ENABLE_DEBUG_INFO = NO;
				MTL_FAST_MATH = YES;
				SDKROOT = iphoneos;
				SWIFT_COMPILATION_MODE = wholemodule;
				SWIFT_OPTIMIZATION_LEVEL = "-O";
				VALIDATE_PRODUCT = YES;
			};
			name = Release;
		};
		90734E6C26FFB73000B34B77 /* Debug */ = {
			isa = XCBuildConfiguration;
			baseConfigurationReference = EBE1B0696522ED441ACD741C /* Pods-Nerdflix.debug.xcconfig */;
			buildSettings = {
				ASSETCATALOG_COMPILER_APPICON_NAME = AppIcon;
				CODE_SIGN_STYLE = Automatic;
				DEVELOPMENT_TEAM = UYU42XWBK4;
				INFOPLIST_FILE = Nerdflix/Resources/Info.plist;
				IPHONEOS_DEPLOYMENT_TARGET = 12.0;
				LD_RUNPATH_SEARCH_PATHS = (
					"$(inherited)",
					"@executable_path/Frameworks",
				);
				PRODUCT_BUNDLE_IDENTIFIER = com.aprendendo.Nerdflix;
				PRODUCT_NAME = "$(TARGET_NAME)";
				SWIFT_VERSION = 5.0;
				TARGETED_DEVICE_FAMILY = 1;
			};
			name = Debug;
		};
		90734E6D26FFB73000B34B77 /* Release */ = {
			isa = XCBuildConfiguration;
			baseConfigurationReference = 40C45AED9580B0EC61547760 /* Pods-Nerdflix.release.xcconfig */;
			buildSettings = {
				ASSETCATALOG_COMPILER_APPICON_NAME = AppIcon;
				CODE_SIGN_STYLE = Automatic;
				DEVELOPMENT_TEAM = UYU42XWBK4;
				INFOPLIST_FILE = Nerdflix/Resources/Info.plist;
				IPHONEOS_DEPLOYMENT_TARGET = 12.0;
				LD_RUNPATH_SEARCH_PATHS = (
					"$(inherited)",
					"@executable_path/Frameworks",
				);
				PRODUCT_BUNDLE_IDENTIFIER = com.aprendendo.Nerdflix;
				PRODUCT_NAME = "$(TARGET_NAME)";
				SWIFT_VERSION = 5.0;
				TARGETED_DEVICE_FAMILY = 1;
			};
			name = Release;
		};
/* End XCBuildConfiguration section */

/* Begin XCConfigurationList section */
		90734E4F26FFB72900B34B77 /* Build configuration list for PBXProject "Nerdflix" */ = {
			isa = XCConfigurationList;
			buildConfigurations = (
				90734E6926FFB73000B34B77 /* Debug */,
				90734E6A26FFB73000B34B77 /* Release */,
			);
			defaultConfigurationIsVisible = 0;
			defaultConfigurationName = Release;
		};
		90734E6B26FFB73000B34B77 /* Build configuration list for PBXNativeTarget "Nerdflix" */ = {
			isa = XCConfigurationList;
			buildConfigurations = (
				90734E6C26FFB73000B34B77 /* Debug */,
				90734E6D26FFB73000B34B77 /* Release */,
			);
			defaultConfigurationIsVisible = 0;
			defaultConfigurationName = Release;
		};
/* End XCConfigurationList section */

/* Begin XCVersionGroup section */
		90734E6026FFB72900B34B77 /* Nerdflix.xcdatamodeld */ = {
			isa = XCVersionGroup;
			children = (
				90734E6126FFB72900B34B77 /* Nerdflix.xcdatamodel */,
			);
			currentVersion = 90734E6126FFB72900B34B77 /* Nerdflix.xcdatamodel */;
			path = Nerdflix.xcdatamodeld;
			sourceTree = "<group>";
			versionGroupType = wrapper.xcdatamodel;
		};
/* End XCVersionGroup section */
	};
	rootObject = 90734E4C26FFB72900B34B77 /* Project object */;
}
